
Microsoft Visual Studio Solution File, Format Version 12.00
# Visual Studio 14
VisualStudioVersion = 14.0.24720.0
MinimumVisualStudioVersion = 10.0.40219.1
Project("{FAE04EC0-301F-11D3-BF4B-00C04F79EFBC}") = "XamFormsAnimationTriggers.Droid", "XamFormsAnimationTriggers\XamFormsAnimationTriggers.Droid\XamFormsAnimationTriggers.Droid.csproj", "{A4008693-26CE-49C4-BEE1-037C97803B80}"
EndProject
Project("{FAE04EC0-301F-11D3-BF4B-00C04F79EFBC}") = "XamFormsAnimationTriggers.iOS", "XamFormsAnimationTriggers\XamFormsAnimationTriggers.iOS\XamFormsAnimationTriggers.iOS.csproj", "{FF3ACC68-B51D-495E-B04C-D1284504BFEE}"
EndProject
Project("{FAE04EC0-301F-11D3-BF4B-00C04F79EFBC}") = "XamFormsAnimationTriggers.WinPhone", "XamFormsAnimationTriggers\XamFormsAnimationTriggers.WinPhone\XamFormsAnimationTriggers.WinPhone.csproj", "{BB0F1E5F-392F-4255-84CF-817BE6E90F4F}"
EndProject
Project("{FAE04EC0-301F-11D3-BF4B-00C04F79EFBC}") = "XamFormsAnimationTriggers", "XamFormsAnimationTriggers\XamFormsAnimationTriggers\XamFormsAnimationTriggers.csproj", "{A5B47A6B-B701-4F02-BE5D-7E6F281196CB}"
EndProject
Global
	GlobalSection(SolutionConfigurationPlatforms) = preSolution
		Ad-Hoc|Any CPU = Ad-Hoc|Any CPU
		Ad-Hoc|ARM = Ad-Hoc|ARM
		Ad-Hoc|iPhone = Ad-Hoc|iPhone
		Ad-Hoc|iPhoneSimulator = Ad-Hoc|iPhoneSimulator
		Ad-Hoc|x86 = Ad-Hoc|x86
		AppStore|Any CPU = AppStore|Any CPU
		AppStore|ARM = AppStore|ARM
		AppStore|iPhone = AppStore|iPhone
		AppStore|iPhoneSimulator = AppStore|iPhoneSimulator
		AppStore|x86 = AppStore|x86
		Debug|Any CPU = Debug|Any CPU
		Debug|ARM = Debug|ARM
		Debug|iPhone = Debug|iPhone
		Debug|iPhoneSimulator = Debug|iPhoneSimulator
		Debug|x86 = Debug|x86
		Release|Any CPU = Release|Any CPU
		Release|ARM = Release|ARM
		Release|iPhone = Release|iPhone
		Release|iPhoneSimulator = Release|iPhoneSimulator
		Release|x86 = Release|x86
	EndGlobalSection
	GlobalSection(ProjectConfigurationPlatforms) = postSolution
		{A4008693-26CE-49C4-BEE1-037C97803B80}.Ad-Hoc|Any CPU.ActiveCfg = Release|Any CPU
		{A4008693-26CE-49C4-BEE1-037C97803B80}.Ad-Hoc|Any CPU.Build.0 = Release|Any CPU
		{A4008693-26CE-49C4-BEE1-037C97803B80}.Ad-Hoc|Any CPU.Deploy.0 = Release|Any CPU
		{A4008693-26CE-49C4-BEE1-037C97803B80}.Ad-Hoc|ARM.ActiveCfg = Release|Any CPU
		{A4008693-26CE-49C4-BEE1-037C97803B80}.Ad-Hoc|ARM.Build.0 = Release|Any CPU
		{A4008693-26CE-49C4-BEE1-037C97803B80}.Ad-Hoc|ARM.Deploy.0 = Release|Any CPU
		{A4008693-26CE-49C4-BEE1-037C97803B80}.Ad-Hoc|iPhone.ActiveCfg = Release|Any CPU
		{A4008693-26CE-49C4-BEE1-037C97803B80}.Ad-Hoc|iPhone.Build.0 = Release|Any CPU
		{A4008693-26CE-49C4-BEE1-037C97803B80}.Ad-Hoc|iPhone.Deploy.0 = Release|Any CPU
		{A4008693-26CE-49C4-BEE1-037C97803B80}.Ad-Hoc|iPhoneSimulator.ActiveCfg = Release|Any CPU
		{A4008693-26CE-49C4-BEE1-037C97803B80}.Ad-Hoc|iPhoneSimulator.Build.0 = Release|Any CPU
		{A4008693-26CE-49C4-BEE1-037C97803B80}.Ad-Hoc|iPhoneSimulator.Deploy.0 = Release|Any CPU
		{A4008693-26CE-49C4-BEE1-037C97803B80}.Ad-Hoc|x86.ActiveCfg = Release|Any CPU
		{A4008693-26CE-49C4-BEE1-037C97803B80}.Ad-Hoc|x86.Build.0 = Release|Any CPU
		{A4008693-26CE-49C4-BEE1-037C97803B80}.Ad-Hoc|x86.Deploy.0 = Release|Any CPU
		{A4008693-26CE-49C4-BEE1-037C97803B80}.AppStore|Any CPU.ActiveCfg = Release|Any CPU
		{A4008693-26CE-49C4-BEE1-037C97803B80}.AppStore|Any CPU.Build.0 = Release|Any CPU
		{A4008693-26CE-49C4-BEE1-037C97803B80}.AppStore|Any CPU.Deploy.0 = Release|Any CPU
		{A4008693-26CE-49C4-BEE1-037C97803B80}.AppStore|ARM.ActiveCfg = Release|Any CPU
		{A4008693-26CE-49C4-BEE1-037C97803B80}.AppStore|ARM.Build.0 = Release|Any CPU
		{A4008693-26CE-49C4-BEE1-037C97803B80}.AppStore|ARM.Deploy.0 = Release|Any CPU
		{A4008693-26CE-49C4-BEE1-037C97803B80}.AppStore|iPhone.ActiveCfg = Release|Any CPU
		{A4008693-26CE-49C4-BEE1-037C97803B80}.AppStore|iPhone.Build.0 = Release|Any CPU
		{A4008693-26CE-49C4-BEE1-037C97803B80}.AppStore|iPhone.Deploy.0 = Release|Any CPU
		{A4008693-26CE-49C4-BEE1-037C97803B80}.AppStore|iPhoneSimulator.ActiveCfg = Release|Any CPU
		{A4008693-26CE-49C4-BEE1-037C97803B80}.AppStore|iPhoneSimulator.Build.0 = Release|Any CPU
		{A4008693-26CE-49C4-BEE1-037C97803B80}.AppStore|iPhoneSimulator.Deploy.0 = Release|Any CPU
		{A4008693-26CE-49C4-BEE1-037C97803B80}.AppStore|x86.ActiveCfg = Release|Any CPU
		{A4008693-26CE-49C4-BEE1-037C97803B80}.AppStore|x86.Build.0 = Release|Any CPU
		{A4008693-26CE-49C4-BEE1-037C97803B80}.AppStore|x86.Deploy.0 = Release|Any CPU
		{A4008693-26CE-49C4-BEE1-037C97803B80}.Debug|Any CPU.ActiveCfg = Debug|Any CPU
		{A4008693-26CE-49C4-BEE1-037C97803B80}.Debug|Any CPU.Build.0 = Debug|Any CPU
		{A4008693-26CE-49C4-BEE1-037C97803B80}.Debug|Any CPU.Deploy.0 = Debug|Any CPU
		{A4008693-26CE-49C4-BEE1-037C97803B80}.Debug|ARM.ActiveCfg = Debug|Any CPU
		{A4008693-26CE-49C4-BEE1-037C97803B80}.Debug|ARM.Build.0 = Debug|Any CPU
		{A4008693-26CE-49C4-BEE1-037C97803B80}.Debug|ARM.Deploy.0 = Debug|Any CPU
		{A4008693-26CE-49C4-BEE1-037C97803B80}.Debug|iPhone.ActiveCfg = Debug|Any CPU
		{A4008693-26CE-49C4-BEE1-037C97803B80}.Debug|iPhone.Build.0 = Debug|Any CPU
		{A4008693-26CE-49C4-BEE1-037C97803B80}.Debug|iPhone.Deploy.0 = Debug|Any CPU
		{A4008693-26CE-49C4-BEE1-037C97803B80}.Debug|iPhoneSimulator.ActiveCfg = Debug|Any CPU
		{A4008693-26CE-49C4-BEE1-037C97803B80}.Debug|iPhoneSimulator.Build.0 = Debug|Any CPU
		{A4008693-26CE-49C4-BEE1-037C97803B80}.Debug|iPhoneSimulator.Deploy.0 = Debug|Any CPU
		{A4008693-26CE-49C4-BEE1-037C97803B80}.Debug|x86.ActiveCfg = Debug|Any CPU
		{A4008693-26CE-49C4-BEE1-037C97803B80}.Debug|x86.Build.0 = Debug|Any CPU
		{A4008693-26CE-49C4-BEE1-037C97803B80}.Debug|x86.Deploy.0 = Debug|Any CPU
		{A4008693-26CE-49C4-BEE1-037C97803B80}.Release|Any CPU.ActiveCfg = Release|Any CPU
		{A4008693-26CE-49C4-BEE1-037C97803B80}.Release|Any CPU.Build.0 = Release|Any CPU
		{A4008693-26CE-49C4-BEE1-037C97803B80}.Release|Any CPU.Deploy.0 = Release|Any CPU
		{A4008693-26CE-49C4-BEE1-037C97803B80}.Release|ARM.ActiveCfg = Release|Any CPU
		{A4008693-26CE-49C4-BEE1-037C97803B80}.Release|ARM.Build.0 = Release|Any CPU
		{A4008693-26CE-49C4-BEE1-037C97803B80}.Release|ARM.Deploy.0 = Release|Any CPU
		{A4008693-26CE-49C4-BEE1-037C97803B80}.Release|iPhone.ActiveCfg = Release|Any CPU
		{A4008693-26CE-49C4-BEE1-037C97803B80}.Release|iPhone.Build.0 = Release|Any CPU
		{A4008693-26CE-49C4-BEE1-037C97803B80}.Release|iPhone.Deploy.0 = Release|Any CPU
		{A4008693-26CE-49C4-BEE1-037C97803B80}.Release|iPhoneSimulator.ActiveCfg = Release|Any CPU
		{A4008693-26CE-49C4-BEE1-037C97803B80}.Release|iPhoneSimulator.Build.0 = Release|Any CPU
		{A4008693-26CE-49C4-BEE1-037C97803B80}.Release|iPhoneSimulator.Deploy.0 = Release|Any CPU
		{A4008693-26CE-49C4-BEE1-037C97803B80}.Release|x86.ActiveCfg = Release|Any CPU
		{A4008693-26CE-49C4-BEE1-037C97803B80}.Release|x86.Build.0 = Release|Any CPU
		{A4008693-26CE-49C4-BEE1-037C97803B80}.Release|x86.Deploy.0 = Release|Any CPU
		{FF3ACC68-B51D-495E-B04C-D1284504BFEE}.Ad-Hoc|Any CPU.ActiveCfg = Ad-Hoc|iPhone
		{FF3ACC68-B51D-495E-B04C-D1284504BFEE}.Ad-Hoc|ARM.ActiveCfg = Ad-Hoc|iPhone
		{FF3ACC68-B51D-495E-B04C-D1284504BFEE}.Ad-Hoc|iPhone.ActiveCfg = Ad-Hoc|iPhone
		{FF3ACC68-B51D-495E-B04C-D1284504BFEE}.Ad-Hoc|iPhone.Build.0 = Ad-Hoc|iPhone
		{FF3ACC68-B51D-495E-B04C-D1284504BFEE}.Ad-Hoc|iPhoneSimulator.ActiveCfg = Ad-Hoc|iPhoneSimulator
		{FF3ACC68-B51D-495E-B04C-D1284504BFEE}.Ad-Hoc|iPhoneSimulator.Build.0 = Ad-Hoc|iPhoneSimulator
		{FF3ACC68-B51D-495E-B04C-D1284504BFEE}.Ad-Hoc|x86.ActiveCfg = Ad-Hoc|iPhone
		{FF3ACC68-B51D-495E-B04C-D1284504BFEE}.AppStore|Any CPU.ActiveCfg = AppStore|iPhone
		{FF3ACC68-B51D-495E-B04C-D1284504BFEE}.AppStore|ARM.ActiveCfg = AppStore|iPhone
		{FF3ACC68-B51D-495E-B04C-D1284504BFEE}.AppStore|iPhone.ActiveCfg = AppStore|iPhone
		{FF3ACC68-B51D-495E-B04C-D1284504BFEE}.AppStore|iPhone.Build.0 = AppStore|iPhone
		{FF3ACC68-B51D-495E-B04C-D1284504BFEE}.AppStore|iPhoneSimulator.ActiveCfg = AppStore|iPhoneSimulator
		{FF3ACC68-B51D-495E-B04C-D1284504BFEE}.AppStore|iPhoneSimulator.Build.0 = AppStore|iPhoneSimulator
		{FF3ACC68-B51D-495E-B04C-D1284504BFEE}.AppStore|x86.ActiveCfg = AppStore|iPhone
		{FF3ACC68-B51D-495E-B04C-D1284504BFEE}.Debug|Any CPU.ActiveCfg = Debug|iPhone
		{FF3ACC68-B51D-495E-B04C-D1284504BFEE}.Debug|ARM.ActiveCfg = Debug|iPhone
		{FF3ACC68-B51D-495E-B04C-D1284504BFEE}.Debug|iPhone.ActiveCfg = Debug|iPhone
		{FF3ACC68-B51D-495E-B04C-D1284504BFEE}.Debug|iPhone.Build.0 = Debug|iPhone
		{FF3ACC68-B51D-495E-B04C-D1284504BFEE}.Debug|iPhoneSimulator.ActiveCfg = Debug|iPhoneSimulator
		{FF3ACC68-B51D-495E-B04C-D1284504BFEE}.Debug|iPhoneSimulator.Build.0 = Debug|iPhoneSimulator
		{FF3ACC68-B51D-495E-B04C-D1284504BFEE}.Debug|x86.ActiveCfg = Debug|iPhone
		{FF3ACC68-B51D-495E-B04C-D1284504BFEE}.Release|Any CPU.ActiveCfg = Release|iPhone
		{FF3ACC68-B51D-495E-B04C-D1284504BFEE}.Release|ARM.ActiveCfg = Release|iPhone
		{FF3ACC68-B51D-495E-B04C-D1284504BFEE}.Release|iPhone.ActiveCfg = Release|iPhone
		{FF3ACC68-B51D-495E-B04C-D1284504BFEE}.Release|iPhone.Build.0 = Release|iPhone
		{FF3ACC68-B51D-495E-B04C-D1284504BFEE}.Release|iPhoneSimulator.ActiveCfg = Release|iPhoneSimulator
		{FF3ACC68-B51D-495E-B04C-D1284504BFEE}.Release|iPhoneSimulator.Build.0 = Release|iPhoneSimulator
		{FF3ACC68-B51D-495E-B04C-D1284504BFEE}.Release|x86.ActiveCfg = Release|iPhone
		{BB0F1E5F-392F-4255-84CF-817BE6E90F4F}.Ad-Hoc|Any CPU.ActiveCfg = Release|Any CPU
		{BB0F1E5F-392F-4255-84CF-817BE6E90F4F}.Ad-Hoc|Any CPU.Build.0 = Release|Any CPU
		{BB0F1E5F-392F-4255-84CF-817BE6E90F4F}.Ad-Hoc|Any CPU.Deploy.0 = Release|Any CPU
		{BB0F1E5F-392F-4255-84CF-817BE6E90F4F}.Ad-Hoc|ARM.ActiveCfg = Release|ARM
		{BB0F1E5F-392F-4255-84CF-817BE6E90F4F}.Ad-Hoc|ARM.Build.0 = Release|ARM
		{BB0F1E5F-392F-4255-84CF-817BE6E90F4F}.Ad-Hoc|ARM.Deploy.0 = Release|ARM
		{BB0F1E5F-392F-4255-84CF-817BE6E90F4F}.Ad-Hoc|iPhone.ActiveCfg = Release|Any CPU
		{BB0F1E5F-392F-4255-84CF-817BE6E90F4F}.Ad-Hoc|iPhone.Build.0 = Release|Any CPU
		{BB0F1E5F-392F-4255-84CF-817BE6E90F4F}.Ad-Hoc|iPhone.Deploy.0 = Release|Any CPU
		{BB0F1E5F-392F-4255-84CF-817BE6E90F4F}.Ad-Hoc|iPhoneSimulator.ActiveCfg = Release|Any CPU
		{BB0F1E5F-392F-4255-84CF-817BE6E90F4F}.Ad-Hoc|iPhoneSimulator.Build.0 = Release|Any CPU
		{BB0F1E5F-392F-4255-84CF-817BE6E90F4F}.Ad-Hoc|iPhoneSimulator.Deploy.0 = Release|Any CPU
		{BB0F1E5F-392F-4255-84CF-817BE6E90F4F}.Ad-Hoc|x86.ActiveCfg = Release|x86
		{BB0F1E5F-392F-4255-84CF-817BE6E90F4F}.Ad-Hoc|x86.Build.0 = Release|x86
		{BB0F1E5F-392F-4255-84CF-817BE6E90F4F}.Ad-Hoc|x86.Deploy.0 = Release|x86
		{BB0F1E5F-392F-4255-84CF-817BE6E90F4F}.AppStore|Any CPU.ActiveCfg = Release|Any CPU
		{BB0F1E5F-392F-4255-84CF-817BE6E90F4F}.AppStore|Any CPU.Build.0 = Release|Any CPU
		{BB0F1E5F-392F-4255-84CF-817BE6E90F4F}.AppStore|Any CPU.Deploy.0 = Release|Any CPU
		{BB0F1E5F-392F-4255-84CF-817BE6E90F4F}.AppStore|ARM.ActiveCfg = Release|ARM
		{BB0F1E5F-392F-4255-84CF-817BE6E90F4F}.AppStore|ARM.Build.0 = Release|ARM
		{BB0F1E5F-392F-4255-84CF-817BE6E90F4F}.AppStore|ARM.Deploy.0 = Release|ARM
		{BB0F1E5F-392F-4255-84CF-817BE6E90F4F}.AppStore|iPhone.ActiveCfg = Release|Any CPU
		{BB0F1E5F-392F-4255-84CF-817BE6E90F4F}.AppStore|iPhone.Build.0 = Release|Any CPU
		{BB0F1E5F-392F-4255-84CF-817BE6E90F4F}.AppStore|iPhone.Deploy.0 = Release|Any CPU
		{BB0F1E5F-392F-4255-84CF-817BE6E90F4F}.AppStore|iPhoneSimulator.ActiveCfg = Release|Any CPU
		{BB0F1E5F-392F-4255-84CF-817BE6E90F4F}.AppStore|iPhoneSimulator.Build.0 = Release|Any CPU
		{BB0F1E5F-392F-4255-84CF-817BE6E90F4F}.AppStore|iPhoneSimulator.Deploy.0 = Release|Any CPU
		{BB0F1E5F-392F-4255-84CF-817BE6E90F4F}.AppStore|x86.ActiveCfg = Release|x86
		{BB0F1E5F-392F-4255-84CF-817BE6E90F4F}.AppStore|x86.Build.0 = Release|x86
		{BB0F1E5F-392F-4255-84CF-817BE6E90F4F}.AppStore|x86.Deploy.0 = Release|x86
		{BB0F1E5F-392F-4255-84CF-817BE6E90F4F}.Debug|Any CPU.ActiveCfg = Debug|Any CPU
		{BB0F1E5F-392F-4255-84CF-817BE6E90F4F}.Debug|Any CPU.Build.0 = Debug|Any CPU
		{BB0F1E5F-392F-4255-84CF-817BE6E90F4F}.Debug|Any CPU.Deploy.0 = Debug|Any CPU
		{BB0F1E5F-392F-4255-84CF-817BE6E90F4F}.Debug|ARM.ActiveCfg = Debug|ARM
		{BB0F1E5F-392F-4255-84CF-817BE6E90F4F}.Debug|ARM.Build.0 = Debug|ARM
		{BB0F1E5F-392F-4255-84CF-817BE6E90F4F}.Debug|ARM.Deploy.0 = Debug|ARM
		{BB0F1E5F-392F-4255-84CF-817BE6E90F4F}.Debug|iPhone.ActiveCfg = Debug|Any CPU
		{BB0F1E5F-392F-4255-84CF-817BE6E90F4F}.Debug|iPhone.Build.0 = Debug|Any CPU
		{BB0F1E5F-392F-4255-84CF-817BE6E90F4F}.Debug|iPhone.Deploy.0 = Debug|Any CPU
		{BB0F1E5F-392F-4255-84CF-817BE6E90F4F}.Debug|iPhoneSimulator.ActiveCfg = Debug|Any CPU
		{BB0F1E5F-392F-4255-84CF-817BE6E90F4F}.Debug|iPhoneSimulator.Build.0 = Debug|Any CPU
		{BB0F1E5F-392F-4255-84CF-817BE6E90F4F}.Debug|iPhoneSimulator.Deploy.0 = Debug|Any CPU
		{BB0F1E5F-392F-4255-84CF-817BE6E90F4F}.Debug|x86.ActiveCfg = Debug|x86
		{BB0F1E5F-392F-4255-84CF-817BE6E90F4F}.Debug|x86.Build.0 = Debug|x86
		{BB0F1E5F-392F-4255-84CF-817BE6E90F4F}.Debug|x86.Deploy.0 = Debug|x86
		{BB0F1E5F-392F-4255-84CF-817BE6E90F4F}.Release|Any CPU.ActiveCfg = Release|Any CPU
		{BB0F1E5F-392F-4255-84CF-817BE6E90F4F}.Release|Any CPU.Build.0 = Release|Any CPU
		{BB0F1E5F-392F-4255-84CF-817BE6E90F4F}.Release|Any CPU.Deploy.0 = Release|Any CPU
		{BB0F1E5F-392F-4255-84CF-817BE6E90F4F}.Release|ARM.ActiveCfg = Release|ARM
		{BB0F1E5F-392F-4255-84CF-817BE6E90F4F}.Release|ARM.Build.0 = Release|ARM
		{BB0F1E5F-392F-4255-84CF-817BE6E90F4F}.Release|ARM.Deploy.0 = Release|ARM
		{BB0F1E5F-392F-4255-84CF-817BE6E90F4F}.Release|iPhone.ActiveCfg = Release|Any CPU
		{BB0F1E5F-392F-4255-84CF-817BE6E90F4F}.Release|iPhone.Build.0 = Release|Any CPU
		{BB0F1E5F-392F-4255-84CF-817BE6E90F4F}.Release|iPhone.Deploy.0 = Release|Any CPU
		{BB0F1E5F-392F-4255-84CF-817BE6E90F4F}.Release|iPhoneSimulator.ActiveCfg = Release|Any CPU
		{BB0F1E5F-392F-4255-84CF-817BE6E90F4F}.Release|iPhoneSimulator.Build.0 = Release|Any CPU
		{BB0F1E5F-392F-4255-84CF-817BE6E90F4F}.Release|iPhoneSimulator.Deploy.0 = Release|Any CPU
		{BB0F1E5F-392F-4255-84CF-817BE6E90F4F}.Release|x86.ActiveCfg = Release|x86
		{BB0F1E5F-392F-4255-84CF-817BE6E90F4F}.Release|x86.Build.0 = Release|x86
		{BB0F1E5F-392F-4255-84CF-817BE6E90F4F}.Release|x86.Deploy.0 = Release|x86
		{A5B47A6B-B701-4F02-BE5D-7E6F281196CB}.Ad-Hoc|Any CPU.ActiveCfg = Release|Any CPU
		{A5B47A6B-B701-4F02-BE5D-7E6F281196CB}.Ad-Hoc|Any CPU.Build.0 = Release|Any CPU
		{A5B47A6B-B701-4F02-BE5D-7E6F281196CB}.Ad-Hoc|ARM.ActiveCfg = Release|Any CPU
		{A5B47A6B-B701-4F02-BE5D-7E6F281196CB}.Ad-Hoc|ARM.Build.0 = Release|Any CPU
		{A5B47A6B-B701-4F02-BE5D-7E6F281196CB}.Ad-Hoc|iPhone.ActiveCfg = Release|Any CPU
		{A5B47A6B-B701-4F02-BE5D-7E6F281196CB}.Ad-Hoc|iPhone.Build.0 = Release|Any CPU
		{A5B47A6B-B701-4F02-BE5D-7E6F281196CB}.Ad-Hoc|iPhoneSimulator.ActiveCfg = Release|Any CPU
		{A5B47A6B-B701-4F02-BE5D-7E6F281196CB}.Ad-Hoc|iPhoneSimulator.Build.0 = Release|Any CPU
		{A5B47A6B-B701-4F02-BE5D-7E6F281196CB}.Ad-Hoc|x86.ActiveCfg = Release|Any CPU
		{A5B47A6B-B701-4F02-BE5D-7E6F281196CB}.Ad-Hoc|x86.Build.0 = Release|Any CPU
		{A5B47A6B-B701-4F02-BE5D-7E6F281196CB}.AppStore|Any CPU.ActiveCfg = Release|Any CPU
		{A5B47A6B-B701-4F02-BE5D-7E6F281196CB}.AppStore|Any CPU.Build.0 = Release|Any CPU
		{A5B47A6B-B701-4F02-BE5D-7E6F281196CB}.AppStore|ARM.ActiveCfg = Release|Any CPU
		{A5B47A6B-B701-4F02-BE5D-7E6F281196CB}.AppStore|ARM.Build.0 = Release|Any CPU
		{A5B47A6B-B701-4F02-BE5D-7E6F281196CB}.AppStore|iPhone.ActiveCfg = Release|Any CPU
		{A5B47A6B-B701-4F02-BE5D-7E6F281196CB}.AppStore|iPhone.Build.0 = Release|Any CPU
		{A5B47A6B-B701-4F02-BE5D-7E6F281196CB}.AppStore|iPhoneSimulator.ActiveCfg = Release|Any CPU
		{A5B47A6B-B701-4F02-BE5D-7E6F281196CB}.AppStore|iPhoneSimulator.Build.0 = Release|Any CPU
		{A5B47A6B-B701-4F02-BE5D-7E6F281196CB}.AppStore|x86.ActiveCfg = Release|Any CPU
		{A5B47A6B-B701-4F02-BE5D-7E6F281196CB}.AppStore|x86.Build.0 = Release|Any CPU
		{A5B47A6B-B701-4F02-BE5D-7E6F281196CB}.Debug|Any CPU.ActiveCfg = Debug|Any CPU
		{A5B47A6B-B701-4F02-BE5D-7E6F281196CB}.Debug|Any CPU.Build.0 = Debug|Any CPU
		{A5B47A6B-B701-4F02-BE5D-7E6F281196CB}.Debug|ARM.ActiveCfg = Debug|Any CPU
		{A5B47A6B-B701-4F02-BE5D-7E6F281196CB}.Debug|ARM.Build.0 = Debug|Any CPU
		{A5B47A6B-B701-4F02-BE5D-7E6F281196CB}.Debug|iPhone.ActiveCfg = Debug|Any CPU
		{A5B47A6B-B701-4F02-BE5D-7E6F281196CB}.Debug|iPhone.Build.0 = Debug|Any CPU
		{A5B47A6B-B701-4F02-BE5D-7E6F281196CB}.Debug|iPhoneSimulator.ActiveCfg = Debug|Any CPU
		{A5B47A6B-B701-4F02-BE5D-7E6F281196CB}.Debug|iPhoneSimulator.Build.0 = Debug|Any CPU
		{A5B47A6B-B701-4F02-BE5D-7E6F281196CB}.Debug|x86.ActiveCfg = Debug|Any CPU
		{A5B47A6B-B701-4F02-BE5D-7E6F281196CB}.Debug|x86.Build.0 = Debug|Any CPU
		{A5B47A6B-B701-4F02-BE5D-7E6F281196CB}.Release|Any CPU.ActiveCfg = Release|Any CPU
		{A5B47A6B-B701-4F02-BE5D-7E6F281196CB}.Release|Any CPU.Build.0 = Release|Any CPU
		{A5B47A6B-B701-4F02-BE5D-7E6F281196CB}.Release|ARM.ActiveCfg = Release|Any CPU
		{A5B47A6B-B701-4F02-BE5D-7E6F281196CB}.Release|ARM.Build.0 = Release|Any CPU
		{A5B47A6B-B701-4F02-BE5D-7E6F281196CB}.Release|iPhone.ActiveCfg = Release|Any CPU
		{A5B47A6B-B701-4F02-BE5D-7E6F281196CB}.Release|iPhone.Build.0 = Release|Any CPU
		{A5B47A6B-B701-4F02-BE5D-7E6F281196CB}.Release|iPhoneSimulator.ActiveCfg = Release|Any CPU
		{A5B47A6B-B701-4F02-BE5D-7E6F281196CB}.Release|iPhoneSimulator.Build.0 = Release|Any CPU
		{A5B47A6B-B701-4F02-BE5D-7E6F281196CB}.Release|x86.ActiveCfg = Release|Any CPU
		{A5B47A6B-B701-4F02-BE5D-7E6F281196CB}.Release|x86.Build.0 = Release|Any CPU
	EndGlobalSection
	GlobalSection(SolutionProperties) = preSolution
		HideSolutionNode = FALSE
	EndGlobalSection
EndGlobal
